
Microsoft Visual Studio Solution File, Format Version 12.00
# Visual Studio 15
VisualStudioVersion = 15.0.27130.2010
MinimumVisualStudioVersion = 10.0.40219.1
Project("{FAE04EC0-301F-11D3-BF4B-00C04F79EFBC}") = "DailyHealthLog", "DailyHealthLog\DailyHealthLog.csproj", "{9436B660-FE80-4A70-9E4B-6FBDDA50A55F}"
EndProject
Global
	GlobalSection(SolutionConfigurationPlatforms) = preSolution
		Debug|Any CPU = Debug|Any CPU
		Release|Any CPU = Release|Any CPU
	EndGlobalSection
	GlobalSection(ProjectConfigurationPlatforms) = postSolution
		{9436B660-FE80-4A70-9E4B-6FBDDA50A55F}.Debug|Any CPU.ActiveCfg = Debug|Any CPU
		{9436B660-FE80-4A70-9E4B-6FBDDA50A55F}.Debug|Any CPU.Build.0 = Debug|Any CPU
		{9436B660-FE80-4A70-9E4B-6FBDDA50A55F}.Release|Any CPU.ActiveCfg = Release|Any CPU
		{9436B660-FE80-4A70-9E4B-6FBDDA50A55F}.Release|Any CPU.Build.0 = Release|Any CPU
	EndGlobalSection
	GlobalSection(SolutionProperties) = preSolution
		HideSolutionNode = FALSE
	EndGlobalSection
	GlobalSection(ExtensibilityGlobals) = postSolution
		SolutionGuid = {DF423F79-05CE-46E2-AA49-D367105C7A2B}
	EndGlobalSection
	GlobalSection(TeamFoundationVersionControl) = preSolution
		SccNumberOfProjects = 2
		SccEnterpriseProvider = {4CA58AB2-18FA-4F8D-95D4-32DDF27D184C}
		SccTeamFoundationServer = http://192.168.32.137:8080/tfs/phreakcollection
		SccLocalPath0 = .
		SccProjectUniqueName1 = DailyHealthLog\\DailyHealthLog.csproj
		SccProjectName1 = DailyHealthLog
		SccLocalPath1 = DailyHealthLog
	EndGlobalSection
EndGlobal
